
Microsoft Visual Studio Solution File, Format Version 12.00
# Visual Studio 2012
Project("{FAE04EC0-301F-11D3-BF4B-00C04F79EFBC}") = "weather", "weather\weather.csproj", "{C8D0C2D1-C4D5-48A0-9D71-57534A29033E}"
EndProject
Project("{FAE04EC0-301F-11D3-BF4B-00C04F79EFBC}") = "weather.iOS", "iOS\weather.iOS.csproj", "{89393FF6-F09F-4D2E-B9FC-151188296807}"
EndProject
Project("{FAE04EC0-301F-11D3-BF4B-00C04F79EFBC}") = "weather.Droid", "Droid\weather.Droid.csproj", "{78B48176-7861-4A4E-9234-532AB39A2F1F}"
EndProject
Project("{FAE04EC0-301F-11D3-BF4B-00C04F79EFBC}") = "weather.UITests", "UITests\weather.UITests.csproj", "{CA48036A-053E-4B7B-8CE5-F8B5965F2CA1}"
EndProject
Global
	GlobalSection(SolutionConfigurationPlatforms) = preSolution
		Debug|Any CPU = Debug|Any CPU
		Release|Any CPU = Release|Any CPU
		Debug|iPhoneSimulator = Debug|iPhoneSimulator
		Release|iPhone = Release|iPhone
		Release|iPhoneSimulator = Release|iPhoneSimulator
		Debug|iPhone = Debug|iPhone
	EndGlobalSection
	GlobalSection(ProjectConfigurationPlatforms) = postSolution
		{78B48176-7861-4A4E-9234-532AB39A2F1F}.Debug|Any CPU.ActiveCfg = Debug|Any CPU
		{78B48176-7861-4A4E-9234-532AB39A2F1F}.Debug|Any CPU.Build.0 = Debug|Any CPU
		{78B48176-7861-4A4E-9234-532AB39A2F1F}.Debug|iPhone.ActiveCfg = Debug|Any CPU
		{78B48176-7861-4A4E-9234-532AB39A2F1F}.Debug|iPhone.Build.0 = Debug|Any CPU
		{78B48176-7861-4A4E-9234-532AB39A2F1F}.Debug|iPhoneSimulator.ActiveCfg = Debug|Any CPU
		{78B48176-7861-4A4E-9234-532AB39A2F1F}.Debug|iPhoneSimulator.Build.0 = Debug|Any CPU
		{78B48176-7861-4A4E-9234-532AB39A2F1F}.Release|Any CPU.ActiveCfg = Release|Any CPU
		{78B48176-7861-4A4E-9234-532AB39A2F1F}.Release|Any CPU.Build.0 = Release|Any CPU
		{78B48176-7861-4A4E-9234-532AB39A2F1F}.Release|iPhone.ActiveCfg = Release|Any CPU
		{78B48176-7861-4A4E-9234-532AB39A2F1F}.Release|iPhone.Build.0 = Release|Any CPU
		{78B48176-7861-4A4E-9234-532AB39A2F1F}.Release|iPhoneSimulator.ActiveCfg = Release|Any CPU
		{78B48176-7861-4A4E-9234-532AB39A2F1F}.Release|iPhoneSimulator.Build.0 = Release|Any CPU
		{89393FF6-F09F-4D2E-B9FC-151188296807}.Debug|Any CPU.ActiveCfg = Debug|iPhoneSimulator
		{89393FF6-F09F-4D2E-B9FC-151188296807}.Debug|Any CPU.Build.0 = Debug|iPhoneSimulator
		{89393FF6-F09F-4D2E-B9FC-151188296807}.Debug|iPhone.ActiveCfg = Debug|iPhone
		{89393FF6-F09F-4D2E-B9FC-151188296807}.Debug|iPhone.Build.0 = Debug|iPhone
		{89393FF6-F09F-4D2E-B9FC-151188296807}.Debug|iPhoneSimulator.ActiveCfg = Debug|iPhoneSimulator
		{89393FF6-F09F-4D2E-B9FC-151188296807}.Debug|iPhoneSimulator.Build.0 = Debug|iPhoneSimulator
		{89393FF6-F09F-4D2E-B9FC-151188296807}.Release|Any CPU.ActiveCfg = Release|iPhone
		{89393FF6-F09F-4D2E-B9FC-151188296807}.Release|Any CPU.Build.0 = Release|iPhone
		{89393FF6-F09F-4D2E-B9FC-151188296807}.Release|iPhone.ActiveCfg = Release|iPhone
		{89393FF6-F09F-4D2E-B9FC-151188296807}.Release|iPhone.Build.0 = Release|iPhone
		{89393FF6-F09F-4D2E-B9FC-151188296807}.Release|iPhoneSimulator.ActiveCfg = Release|iPhoneSimulator
		{89393FF6-F09F-4D2E-B9FC-151188296807}.Release|iPhoneSimulator.Build.0 = Release|iPhoneSimulator
		{C8D0C2D1-C4D5-48A0-9D71-57534A29033E}.Debug|Any CPU.ActiveCfg = Debug|Any CPU
		{C8D0C2D1-C4D5-48A0-9D71-57534A29033E}.Debug|Any CPU.Build.0 = Debug|Any CPU
		{C8D0C2D1-C4D5-48A0-9D71-57534A29033E}.Debug|iPhone.ActiveCfg = Debug|Any CPU
		{C8D0C2D1-C4D5-48A0-9D71-57534A29033E}.Debug|iPhone.Build.0 = Debug|Any CPU
		{C8D0C2D1-C4D5-48A0-9D71-57534A29033E}.Debug|iPhoneSimulator.ActiveCfg = Debug|Any CPU
		{C8D0C2D1-C4D5-48A0-9D71-57534A29033E}.Debug|iPhoneSimulator.Build.0 = Debug|Any CPU
		{C8D0C2D1-C4D5-48A0-9D71-57534A29033E}.Release|Any CPU.ActiveCfg = Release|Any CPU
		{C8D0C2D1-C4D5-48A0-9D71-57534A29033E}.Release|Any CPU.Build.0 = Release|Any CPU
		{C8D0C2D1-C4D5-48A0-9D71-57534A29033E}.Release|iPhone.ActiveCfg = Release|Any CPU
		{C8D0C2D1-C4D5-48A0-9D71-57534A29033E}.Release|iPhone.Build.0 = Release|Any CPU
		{C8D0C2D1-C4D5-48A0-9D71-57534A29033E}.Release|iPhoneSimulator.ActiveCfg = Release|Any CPU
		{C8D0C2D1-C4D5-48A0-9D71-57534A29033E}.Release|iPhoneSimulator.Build.0 = Release|Any CPU
		{CA48036A-053E-4B7B-8CE5-F8B5965F2CA1}.Debug|Any CPU.ActiveCfg = Debug|Any CPU
		{CA48036A-053E-4B7B-8CE5-F8B5965F2CA1}.Debug|Any CPU.Build.0 = Debug|Any CPU
		{CA48036A-053E-4B7B-8CE5-F8B5965F2CA1}.Debug|iPhone.ActiveCfg = Debug|Any CPU
		{CA48036A-053E-4B7B-8CE5-F8B5965F2CA1}.Debug|iPhone.Build.0 = Debug|Any CPU
		{CA48036A-053E-4B7B-8CE5-F8B5965F2CA1}.Debug|iPhoneSimulator.ActiveCfg = Debug|Any CPU
		{CA48036A-053E-4B7B-8CE5-F8B5965F2CA1}.Debug|iPhoneSimulator.Build.0 = Debug|Any CPU
		{CA48036A-053E-4B7B-8CE5-F8B5965F2CA1}.Release|Any CPU.ActiveCfg = Release|Any CPU
		{CA48036A-053E-4B7B-8CE5-F8B5965F2CA1}.Release|Any CPU.Build.0 = Release|Any CPU
		{CA48036A-053E-4B7B-8CE5-F8B5965F2CA1}.Release|iPhone.ActiveCfg = Release|Any CPU
		{CA48036A-053E-4B7B-8CE5-F8B5965F2CA1}.Release|iPhone.Build.0 = Release|Any CPU
		{CA48036A-053E-4B7B-8CE5-F8B5965F2CA1}.Release|iPhoneSimulator.ActiveCfg = Release|Any CPU
		{CA48036A-053E-4B7B-8CE5-F8B5965F2CA1}.Release|iPhoneSimulator.Build.0 = Release|Any CPU
	EndGlobalSection
EndGlobal
